
Microsoft Visual Studio Solution File, Format Version 12.00
# Visual Studio Version 17
VisualStudioVersion = 17.8.34330.188
MinimumVisualStudioVersion = 10.0.40219.1
Project("{FAE04EC0-301F-11D3-BF4B-00C04F79EFBC}") = "NehaApiTest", "NehaApiTest\NehaApiTest.csproj", "{31E8FE76-5B9C-48AF-849F-379AF6B14142}"
EndProject
Global
	GlobalSection(SolutionConfigurationPlatforms) = preSolution
		Debug|Any CPU = Debug|Any CPU
		Release|Any CPU = Release|Any CPU
	EndGlobalSection
	GlobalSection(ProjectConfigurationPlatforms) = postSolution
		{31E8FE76-5B9C-48AF-849F-379AF6B14142}.Debug|Any CPU.ActiveCfg = Debug|Any CPU
		{31E8FE76-5B9C-48AF-849F-379AF6B14142}.Debug|Any CPU.Build.0 = Debug|Any CPU
		{31E8FE76-5B9C-48AF-849F-379AF6B14142}.Release|Any CPU.ActiveCfg = Release|Any CPU
		{31E8FE76-5B9C-48AF-849F-379AF6B14142}.Release|Any CPU.Build.0 = Release|Any CPU
	EndGlobalSection
	GlobalSection(SolutionProperties) = preSolution
		HideSolutionNode = FALSE
	EndGlobalSection
	GlobalSection(ExtensibilityGlobals) = postSolution
		SolutionGuid = {22F4CEB8-DB4B-44C9-B6F7-AEF0F4F20876}
	EndGlobalSection
EndGlobal
